{
  "pins" : [
    {
      "identity" : "devicekit",
      "kind" : "remoteSourceControl",
      "location" : "https://github.com/devicekit/DeviceKit.git",
      "state" : {
        "revision" : "fe41d18eccd92a115cffaa35dfff03018c67e635",
        "version" : "5.2.2"
      }
    }
  ],
  "version" : 2
}
