// !$*UTF8*$!
{
	archiveVersion = 1;
	classes = {
	};
	objectVersion = 56;
	objects = {

/* Begin PBXBuildFile section */
		CE40ADC72B2BD4D300F76E3C /* UIDevice+Info.swift in Sources */ = {isa = PBXBuildFile; fileRef = CE40ADB82B2BD4D300F76E3C /* UIDevice+Info.swift */; };
		CE40ADC82B2BD4D300F76E3C /* UIDeviceListener.mm in Sources */ = {isa = PBXBuildFile; fileRef = CE40ADBC2B2BD4D300F76E3C /* UIDeviceListener.mm */; };
		CE40ADC92B2BD4D300F76E3C /* EEPowerInformation.m in Sources */ = {isa = PBXBuildFile; fileRef = CE40ADBD2B2BD4D300F76E3C /* EEPowerInformation.m */; };
		CE40ADCA2B2BD4D300F76E3C /* Assets.xcassets in Resources */ = {isa = PBXBuildFile; fileRef = CE40ADBF2B2BD4D300F76E3C /* Assets.xcassets */; };
		CE40ADCB2B2BD4D300F76E3C /* UIDevice+CPU.swift in Sources */ = {isa = PBXBuildFile; fileRef = CE40ADC02B2BD4D300F76E3C /* UIDevice+CPU.swift */; };
		CE40ADCC2B2BD4D300F76E3C /* Preview Assets.xcassets in Resources */ = {isa = PBXBuildFile; fileRef = CE40ADC22B2BD4D300F76E3C /* Preview Assets.xcassets */; };
		CE40ADCD2B2BD4D300F76E3C /* DeviceAsessmentApp.swift in Sources */ = {isa = PBXBuildFile; fileRef = CE40ADC32B2BD4D300F76E3C /* DeviceAsessmentApp.swift */; };
		CE40ADCF2B2BD4D300F76E3C /* AssessmentView.swift in Sources */ = {isa = PBXBuildFile; fileRef = CE40ADC52B2BD4D300F76E3C /* AssessmentView.swift */; };
		CE40ADD12B2BDB8700F76E3C /* AssessmentTester.swift in Sources */ = {isa = PBXBuildFile; fileRef = CE40ADD02B2BDB8700F76E3C /* AssessmentTester.swift */; };
		CE40ADD42B2BE60000F76E3C /* DeviceInfoAssessment.swift in Sources */ = {isa = PBXBuildFile; fileRef = CE40ADD32B2BE60000F76E3C /* DeviceInfoAssessment.swift */; };
		CE40ADD62B2BE61D00F76E3C /* ConnectivityAssessment.swift in Sources */ = {isa = PBXBuildFile; fileRef = CE40ADD52B2BE61D00F76E3C /* ConnectivityAssessment.swift */; };
		CE6CCA6C2B3873C300F28F2A /* Optional+Default.swift in Sources */ = {isa = PBXBuildFile; fileRef = CE6CCA6B2B3873C300F28F2A /* Optional+Default.swift */; };
		CE6CCA6E2B39A0E100F28F2A /* PhysicalActivityAssessment.swift in Sources */ = {isa = PBXBuildFile; fileRef = CE6CCA6D2B39A0E100F28F2A /* PhysicalActivityAssessment.swift */; };
		CE6CCA732B39A44000F28F2A /* JPSVolumeButtonHandler.m in Sources */ = {isa = PBXBuildFile; fileRef = CE6CCA722B39A44000F28F2A /* JPSVolumeButtonHandler.m */; };
		CE8C78D52B4989B5003139E1 /* CommonUtils.swift in Sources */ = {isa = PBXBuildFile; fileRef = CE8C78D42B4989B5003139E1 /* CommonUtils.swift */; };
		CE8C78D82B499076003139E1 /* Reachability in Frameworks */ = {isa = PBXBuildFile; productRef = CE8C78D72B499076003139E1 /* Reachability */; };
		CE8C78DA2B49926C003139E1 /* NetworkReachability.swift in Sources */ = {isa = PBXBuildFile; fileRef = CE8C78D92B49926C003139E1 /* NetworkReachability.swift */; };
		CE8E5E852B49735B007EC804 /* Mute.swift in Sources */ = {isa = PBXBuildFile; fileRef = CE8E5E842B49735B007EC804 /* Mute.swift */; };
		CE8E5E872B497390007EC804 /* mute.aiff in Resources */ = {isa = PBXBuildFile; fileRef = CE8E5E862B497390007EC804 /* mute.aiff */; };
		CE8E5E8A2B497EDF007EC804 /* DeviceKit in Frameworks */ = {isa = PBXBuildFile; productRef = CE8E5E892B497EDF007EC804 /* DeviceKit */; };
		CE8E5E8C2B497FD5007EC804 /* AssessmentPresenter.swift in Sources */ = {isa = PBXBuildFile; fileRef = CE8E5E8B2B497FD5007EC804 /* AssessmentPresenter.swift */; };
		CEE4ADE52B381FAE007D54E9 /* PowerAssessment.swift in Sources */ = {isa = PBXBuildFile; fileRef = CEE4ADE42B381FAE007D54E9 /* PowerAssessment.swift */; };
		CEF9A2B02B2B37B30034E06F /* DeviceAutomaticAsessmentTests.swift in Sources */ = {isa = PBXBuildFile; fileRef = CEF9A2AF2B2B37B30034E06F /* DeviceAutomaticAsessmentTests.swift */; };
/* End PBXBuildFile section */

/* Begin PBXContainerItemProxy section */
		CEF9A2B12B2B37B30034E06F /* PBXContainerItemProxy */ = {
			isa = PBXContainerItemProxy;
			containerPortal = CE5725892B294BE1000E4EC2 /* Project object */;
			proxyType = 1;
			remoteGlobalIDString = CE5725902B294BE1000E4EC2;
			remoteInfo = SpecAsessment;
		};
/* End PBXContainerItemProxy section */

/* Begin PBXFileReference section */
		CE40ADB82B2BD4D300F76E3C /* UIDevice+Info.swift */ = {isa = PBXFileReference; fileEncoding = 4; lastKnownFileType = sourcecode.swift; path = "UIDevice+Info.swift"; sourceTree = "<group>"; };
		CE40ADBA2B2BD4D300F76E3C /* DeviceAssessment-Bridging-Header.h */ = {isa = PBXFileReference; fileEncoding = 4; lastKnownFileType = sourcecode.c.h; path = "DeviceAssessment-Bridging-Header.h"; sourceTree = "<group>"; };
		CE40ADBB2B2BD4D300F76E3C /* UIDeviceListener.h */ = {isa = PBXFileReference; fileEncoding = 4; lastKnownFileType = sourcecode.c.h; path = UIDeviceListener.h; sourceTree = "<group>"; };
		CE40ADBC2B2BD4D300F76E3C /* UIDeviceListener.mm */ = {isa = PBXFileReference; fileEncoding = 4; lastKnownFileType = sourcecode.cpp.objcpp; path = UIDeviceListener.mm; sourceTree = "<group>"; };
		CE40ADBD2B2BD4D300F76E3C /* EEPowerInformation.m */ = {isa = PBXFileReference; fileEncoding = 4; lastKnownFileType = sourcecode.c.objc; path = EEPowerInformation.m; sourceTree = "<group>"; };
		CE40ADBE2B2BD4D300F76E3C /* EEPowerInformation.h */ = {isa = PBXFileReference; fileEncoding = 4; lastKnownFileType = sourcecode.c.h; path = EEPowerInformation.h; sourceTree = "<group>"; };
		CE40ADBF2B2BD4D300F76E3C /* Assets.xcassets */ = {isa = PBXFileReference; lastKnownFileType = folder.assetcatalog; path = Assets.xcassets; sourceTree = "<group>"; };
		CE40ADC02B2BD4D300F76E3C /* UIDevice+CPU.swift */ = {isa = PBXFileReference; fileEncoding = 4; lastKnownFileType = sourcecode.swift; path = "UIDevice+CPU.swift"; sourceTree = "<group>"; };
		CE40ADC22B2BD4D300F76E3C /* Preview Assets.xcassets */ = {isa = PBXFileReference; lastKnownFileType = folder.assetcatalog; path = "Preview Assets.xcassets"; sourceTree = "<group>"; };
		CE40ADC32B2BD4D300F76E3C /* DeviceAsessmentApp.swift */ = {isa = PBXFileReference; fileEncoding = 4; lastKnownFileType = sourcecode.swift; path = DeviceAsessmentApp.swift; sourceTree = "<group>"; };
		CE40ADC52B2BD4D300F76E3C /* AssessmentView.swift */ = {isa = PBXFileReference; fileEncoding = 4; lastKnownFileType = sourcecode.swift; path = AssessmentView.swift; sourceTree = "<group>"; };
		CE40ADD02B2BDB8700F76E3C /* AssessmentTester.swift */ = {isa = PBXFileReference; lastKnownFileType = sourcecode.swift; path = AssessmentTester.swift; sourceTree = "<group>"; };
		CE40ADD32B2BE60000F76E3C /* DeviceInfoAssessment.swift */ = {isa = PBXFileReference; lastKnownFileType = sourcecode.swift; path = DeviceInfoAssessment.swift; sourceTree = "<group>"; };
		CE40ADD52B2BE61D00F76E3C /* ConnectivityAssessment.swift */ = {isa = PBXFileReference; lastKnownFileType = sourcecode.swift; path = ConnectivityAssessment.swift; sourceTree = "<group>"; };
		CE5725912B294BE1000E4EC2 /* DeviceAssessment.app */ = {isa = PBXFileReference; explicitFileType = wrapper.application; includeInIndex = 0; path = DeviceAssessment.app; sourceTree = BUILT_PRODUCTS_DIR; };
		CE6CCA6B2B3873C300F28F2A /* Optional+Default.swift */ = {isa = PBXFileReference; lastKnownFileType = sourcecode.swift; path = "Optional+Default.swift"; sourceTree = "<group>"; };
		CE6CCA6D2B39A0E100F28F2A /* PhysicalActivityAssessment.swift */ = {isa = PBXFileReference; lastKnownFileType = sourcecode.swift; path = PhysicalActivityAssessment.swift; sourceTree = "<group>"; };
		CE6CCA722B39A44000F28F2A /* JPSVolumeButtonHandler.m */ = {isa = PBXFileReference; lastKnownFileType = sourcecode.c.objc; path = JPSVolumeButtonHandler.m; sourceTree = "<group>"; };
		CE6CCA742B39A45E00F28F2A /* JPSVolumeButtonHandler.h */ = {isa = PBXFileReference; lastKnownFileType = sourcecode.c.h; path = JPSVolumeButtonHandler.h; sourceTree = "<group>"; };
		CE8C78D42B4989B5003139E1 /* CommonUtils.swift */ = {isa = PBXFileReference; lastKnownFileType = sourcecode.swift; path = CommonUtils.swift; sourceTree = "<group>"; };
		CE8C78D92B49926C003139E1 /* NetworkReachability.swift */ = {isa = PBXFileReference; lastKnownFileType = sourcecode.swift; path = NetworkReachability.swift; sourceTree = "<group>"; };
		CE8C78DB2B4A43A0003139E1 /* DeviceAssessment.entitlements */ = {isa = PBXFileReference; lastKnownFileType = text.plist.entitlements; path = DeviceAssessment.entitlements; sourceTree = "<group>"; };
		CE8E5E842B49735B007EC804 /* Mute.swift */ = {isa = PBXFileReference; lastKnownFileType = sourcecode.swift; path = Mute.swift; sourceTree = "<group>"; };
		CE8E5E862B497390007EC804 /* mute.aiff */ = {isa = PBXFileReference; lastKnownFileType = audio.aiff; path = mute.aiff; sourceTree = "<group>"; };
		CE8E5E8B2B497FD5007EC804 /* AssessmentPresenter.swift */ = {isa = PBXFileReference; lastKnownFileType = sourcecode.swift; path = AssessmentPresenter.swift; sourceTree = "<group>"; };
		CEE4ADE42B381FAE007D54E9 /* PowerAssessment.swift */ = {isa = PBXFileReference; lastKnownFileType = sourcecode.swift; path = PowerAssessment.swift; sourceTree = "<group>"; };
		CEF9A2AD2B2B37B30034E06F /* DeviceAssessmentTests.xctest */ = {isa = PBXFileReference; explicitFileType = wrapper.cfbundle; includeInIndex = 0; path = DeviceAssessmentTests.xctest; sourceTree = BUILT_PRODUCTS_DIR; };
		CEF9A2AF2B2B37B30034E06F /* DeviceAutomaticAsessmentTests.swift */ = {isa = PBXFileReference; lastKnownFileType = sourcecode.swift; path = DeviceAutomaticAsessmentTests.swift; sourceTree = "<group>"; };
/* End PBXFileReference section */

/* Begin PBXFrameworksBuildPhase section */
		CE57258E2B294BE1000E4EC2 /* Frameworks */ = {
			isa = PBXFrameworksBuildPhase;
			buildActionMask = 2147483647;
			files = (
				CE8E5E8A2B497EDF007EC804 /* DeviceKit in Frameworks */,
				CE8C78D82B499076003139E1 /* Reachability in Frameworks */,
			);
			runOnlyForDeploymentPostprocessing = 0;
		};
		CEF9A2AA2B2B37B30034E06F /* Frameworks */ = {
			isa = PBXFrameworksBuildPhase;
			buildActionMask = 2147483647;
			files = (
			);
			runOnlyForDeploymentPostprocessing = 0;
		};
/* End PBXFrameworksBuildPhase section */

/* Begin PBXGroup section */
		CE40ADB52B2BD4D300F76E3C /* DeviceAssessment */ = {
			isa = PBXGroup;
			children = (
				CE8C78DB2B4A43A0003139E1 /* DeviceAssessment.entitlements */,
				CEE4ADE62B382745007D54E9 /* Core */,
				CE40ADD22B2BE5E800F76E3C /* Assessment */,
				CE40ADBF2B2BD4D300F76E3C /* Assets.xcassets */,
				CE40ADC12B2BD4D300F76E3C /* Preview Content */,
				CE40ADC32B2BD4D300F76E3C /* DeviceAsessmentApp.swift */,
				CE40ADC52B2BD4D300F76E3C /* AssessmentView.swift */,
				CE8E5E8B2B497FD5007EC804 /* AssessmentPresenter.swift */,
				CE8C78D42B4989B5003139E1 /* CommonUtils.swift */,
			);
			path = DeviceAssessment;
			sourceTree = "<group>";
		};
		CE40ADB92B2BD4D300F76E3C /* UIDeviceListener */ = {
			isa = PBXGroup;
			children = (
				CE40ADBB2B2BD4D300F76E3C /* UIDeviceListener.h */,
				CE40ADBC2B2BD4D300F76E3C /* UIDeviceListener.mm */,
				CE40ADBD2B2BD4D300F76E3C /* EEPowerInformation.m */,
				CE40ADBE2B2BD4D300F76E3C /* EEPowerInformation.h */,
			);
			path = UIDeviceListener;
			sourceTree = "<group>";
		};
		CE40ADC12B2BD4D300F76E3C /* Preview Content */ = {
			isa = PBXGroup;
			children = (
				CE40ADC22B2BD4D300F76E3C /* Preview Assets.xcassets */,
			);
			path = "Preview Content";
			sourceTree = "<group>";
		};
		CE40ADD22B2BE5E800F76E3C /* Assessment */ = {
			isa = PBXGroup;
			children = (
				CE40ADD02B2BDB8700F76E3C /* AssessmentTester.swift */,
				CE40ADD32B2BE60000F76E3C /* DeviceInfoAssessment.swift */,
				CE40ADD52B2BE61D00F76E3C /* ConnectivityAssessment.swift */,
				CEE4ADE42B381FAE007D54E9 /* PowerAssessment.swift */,
				CE6CCA6D2B39A0E100F28F2A /* PhysicalActivityAssessment.swift */,
			);
			path = Assessment;
			sourceTree = "<group>";
		};
		CE5725882B294BE1000E4EC2 = {
			isa = PBXGroup;
			children = (
				CE40ADB52B2BD4D300F76E3C /* DeviceAssessment */,
				CEF9A2AE2B2B37B30034E06F /* DeviceAssessmentTests */,
				CE5725922B294BE1000E4EC2 /* Products */,
			);
			sourceTree = "<group>";
		};
		CE5725922B294BE1000E4EC2 /* Products */ = {
			isa = PBXGroup;
			children = (
				CE5725912B294BE1000E4EC2 /* DeviceAssessment.app */,
				CEF9A2AD2B2B37B30034E06F /* DeviceAssessmentTests.xctest */,
			);
			name = Products;
			sourceTree = "<group>";
		};
		CE6CCA712B39A28A00F28F2A /* JPSVolumeButtonHandler */ = {
			isa = PBXGroup;
			children = (
				CE6CCA722B39A44000F28F2A /* JPSVolumeButtonHandler.m */,
				CE6CCA742B39A45E00F28F2A /* JPSVolumeButtonHandler.h */,
			);
			path = JPSVolumeButtonHandler;
			sourceTree = "<group>";
		};
		CEE4ADE62B382745007D54E9 /* Core */ = {
			isa = PBXGroup;
			children = (
				CE8E5E862B497390007EC804 /* mute.aiff */,
				CE40ADBA2B2BD4D300F76E3C /* DeviceAssessment-Bridging-Header.h */,
				CE40ADB92B2BD4D300F76E3C /* UIDeviceListener */,
				CE6CCA712B39A28A00F28F2A /* JPSVolumeButtonHandler */,
				CE40ADC02B2BD4D300F76E3C /* UIDevice+CPU.swift */,
				CE40ADB82B2BD4D300F76E3C /* UIDevice+Info.swift */,
				CE6CCA6B2B3873C300F28F2A /* Optional+Default.swift */,
				CE8E5E842B49735B007EC804 /* Mute.swift */,
				CE8C78D92B49926C003139E1 /* NetworkReachability.swift */,
			);
			path = Core;
			sourceTree = "<group>";
		};
		CEF9A2AE2B2B37B30034E06F /* DeviceAssessmentTests */ = {
			isa = PBXGroup;
			children = (
				CEF9A2AF2B2B37B30034E06F /* DeviceAutomaticAsessmentTests.swift */,
			);
			path = DeviceAssessmentTests;
			sourceTree = "<group>";
		};
/* End PBXGroup section */

/* Begin PBXNativeTarget section */
		CE5725902B294BE1000E4EC2 /* DeviceAssessment */ = {
			isa = PBXNativeTarget;
			buildConfigurationList = CE57259F2B294BE2000E4EC2 /* Build configuration list for PBXNativeTarget "DeviceAssessment" */;
			buildPhases = (
				CE57258D2B294BE1000E4EC2 /* Sources */,
				CE57258E2B294BE1000E4EC2 /* Frameworks */,
				CE57258F2B294BE1000E4EC2 /* Resources */,
			);
			buildRules = (
			);
			dependencies = (
			);
			name = DeviceAssessment;
			packageProductDependencies = (
				CE8E5E892B497EDF007EC804 /* DeviceKit */,
				CE8C78D72B499076003139E1 /* Reachability */,
			);
			productName = SpecAsessment;
			productReference = CE5725912B294BE1000E4EC2 /* DeviceAssessment.app */;
			productType = "com.apple.product-type.application";
		};
		CEF9A2AC2B2B37B30034E06F /* DeviceAssessmentTests */ = {
			isa = PBXNativeTarget;
			buildConfigurationList = CEF9A2B52B2B37B30034E06F /* Build configuration list for PBXNativeTarget "DeviceAssessmentTests" */;
			buildPhases = (
				CEF9A2A92B2B37B30034E06F /* Sources */,
				CEF9A2AA2B2B37B30034E06F /* Frameworks */,
				CEF9A2AB2B2B37B30034E06F /* Resources */,
			);
			buildRules = (
			);
			dependencies = (
				CEF9A2B22B2B37B30034E06F /* PBXTargetDependency */,
			);
			name = DeviceAssessmentTests;
			productName = SpecAsessmentTests;
			productReference = CEF9A2AD2B2B37B30034E06F /* DeviceAssessmentTests.xctest */;
			productType = "com.apple.product-type.bundle.unit-test";
		};
/* End PBXNativeTarget section */

/* Begin PBXProject section */
		CE5725892B294BE1000E4EC2 /* Project object */ = {
			isa = PBXProject;
			attributes = {
				BuildIndependentTargetsInParallel = 1;
				LastSwiftUpdateCheck = 1430;
				LastUpgradeCheck = 1430;
				TargetAttributes = {
					CE5725902B294BE1000E4EC2 = {
						CreatedOnToolsVersion = 14.3;
						LastSwiftMigration = 1430;
					};
					CEF9A2AC2B2B37B30034E06F = {
						CreatedOnToolsVersion = 14.3;
						TestTargetID = CE5725902B294BE1000E4EC2;
					};
				};
			};
			buildConfigurationList = CE57258C2B294BE1000E4EC2 /* Build configuration list for PBXProject "DeviceAssessment" */;
			compatibilityVersion = "Xcode 14.0";
			developmentRegion = en;
			hasScannedForEncodings = 0;
			knownRegions = (
				en,
				Base,
			);
			mainGroup = CE5725882B294BE1000E4EC2;
			packageReferences = (
				CE8E5E882B497EDF007EC804 /* XCRemoteSwiftPackageReference "DeviceKit" */,
				CE8C78D62B499076003139E1 /* XCRemoteSwiftPackageReference "Reachability" */,
			);
			productRefGroup = CE5725922B294BE1000E4EC2 /* Products */;
			projectDirPath = "";
			projectRoot = "";
			targets = (
				CE5725902B294BE1000E4EC2 /* DeviceAssessment */,
				CEF9A2AC2B2B37B30034E06F /* DeviceAssessmentTests */,
			);
		};
/* End PBXProject section */

/* Begin PBXResourcesBuildPhase section */
		CE57258F2B294BE1000E4EC2 /* Resources */ = {
			isa = PBXResourcesBuildPhase;
			buildActionMask = 2147483647;
			files = (
				CE40ADCA2B2BD4D300F76E3C /* Assets.xcassets in Resources */,
				CE40ADCC2B2BD4D300F76E3C /* Preview Assets.xcassets in Resources */,
				CE8E5E872B497390007EC804 /* mute.aiff in Resources */,
			);
			runOnlyForDeploymentPostprocessing = 0;
		};
		CEF9A2AB2B2B37B30034E06F /* Resources */ = {
			isa = PBXResourcesBuildPhase;
			buildActionMask = 2147483647;
			files = (
			);
			runOnlyForDeploymentPostprocessing = 0;
		};
/* End PBXResourcesBuildPhase section */

/* Begin PBXSourcesBuildPhase section */
		CE57258D2B294BE1000E4EC2 /* Sources */ = {
			isa = PBXSourcesBuildPhase;
			buildActionMask = 2147483647;
			files = (
				CE6CCA732B39A44000F28F2A /* JPSVolumeButtonHandler.m in Sources */,
				CE40ADC72B2BD4D300F76E3C /* UIDevice+Info.swift in Sources */,
				CE8E5E852B49735B007EC804 /* Mute.swift in Sources */,
				CE40ADC92B2BD4D300F76E3C /* EEPowerInformation.m in Sources */,
				CE6CCA6C2B3873C300F28F2A /* Optional+Default.swift in Sources */,
				CE40ADCF2B2BD4D300F76E3C /* AssessmentView.swift in Sources */,
				CE8C78D52B4989B5003139E1 /* CommonUtils.swift in Sources */,
				CE6CCA6E2B39A0E100F28F2A /* PhysicalActivityAssessment.swift in Sources */,
				CE40ADD42B2BE60000F76E3C /* DeviceInfoAssessment.swift in Sources */,
				CE40ADCD2B2BD4D300F76E3C /* DeviceAsessmentApp.swift in Sources */,
				CE40ADCB2B2BD4D300F76E3C /* UIDevice+CPU.swift in Sources */,
				CE8E5E8C2B497FD5007EC804 /* AssessmentPresenter.swift in Sources */,
				CE40ADC82B2BD4D300F76E3C /* UIDeviceListener.mm in Sources */,
				CE40ADD62B2BE61D00F76E3C /* ConnectivityAssessment.swift in Sources */,
				CE8C78DA2B49926C003139E1 /* NetworkReachability.swift in Sources */,
				CEE4ADE52B381FAE007D54E9 /* PowerAssessment.swift in Sources */,
				CE40ADD12B2BDB8700F76E3C /* AssessmentTester.swift in Sources */,
			);
			runOnlyForDeploymentPostprocessing = 0;
		};
		CEF9A2A92B2B37B30034E06F /* Sources */ = {
			isa = PBXSourcesBuildPhase;
			buildActionMask = 2147483647;
			files = (
				CEF9A2B02B2B37B30034E06F /* DeviceAutomaticAsessmentTests.swift in Sources */,
			);
			runOnlyForDeploymentPostprocessing = 0;
		};
/* End PBXSourcesBuildPhase section */

/* Begin PBXTargetDependency section */
		CEF9A2B22B2B37B30034E06F /* PBXTargetDependency */ = {
			isa = PBXTargetDependency;
			target = CE5725902B294BE1000E4EC2 /* DeviceAssessment */;
			targetProxy = CEF9A2B12B2B37B30034E06F /* PBXContainerItemProxy */;
		};
/* End PBXTargetDependency section */

/* Begin XCBuildConfiguration section */
		CE57259D2B294BE2000E4EC2 /* Debug */ = {
			isa = XCBuildConfiguration;
			buildSettings = {
				ALWAYS_SEARCH_USER_PATHS = NO;
				CLANG_ANALYZER_NONNULL = YES;
				CLANG_ANALYZER_NUMBER_OBJECT_CONVERSION = YES_AGGRESSIVE;
				CLANG_CXX_LANGUAGE_STANDARD = "gnu++20";
				CLANG_ENABLE_MODULES = YES;
				CLANG_ENABLE_OBJC_ARC = YES;
				CLANG_ENABLE_OBJC_WEAK = YES;
				CLANG_WARN_BLOCK_CAPTURE_AUTORELEASING = YES;
				CLANG_WARN_BOOL_CONVERSION = YES;
				CLANG_WARN_COMMA = YES;
				CLANG_WARN_CONSTANT_CONVERSION = YES;
				CLANG_WARN_DEPRECATED_OBJC_IMPLEMENTATIONS = YES;
				CLANG_WARN_DIRECT_OBJC_ISA_USAGE = YES_ERROR;
				CLANG_WARN_DOCUMENTATION_COMMENTS = YES;
				CLANG_WARN_EMPTY_BODY = YES;
				CLANG_WARN_ENUM_CONVERSION = YES;
				CLANG_WARN_INFINITE_RECURSION = YES;
				CLANG_WARN_INT_CONVERSION = YES;
				CLANG_WARN_NON_LITERAL_NULL_CONVERSION = YES;
				CLANG_WARN_OBJC_IMPLICIT_RETAIN_SELF = YES;
				CLANG_WARN_OBJC_LITERAL_CONVERSION = YES;
				CLANG_WARN_OBJC_ROOT_CLASS = YES_ERROR;
				CLANG_WARN_QUOTED_INCLUDE_IN_FRAMEWORK_HEADER = YES;
				CLANG_WARN_RANGE_LOOP_ANALYSIS = YES;
				CLANG_WARN_STRICT_PROTOTYPES = YES;
				CLANG_WARN_SUSPICIOUS_MOVE = YES;
				CLANG_WARN_UNGUARDED_AVAILABILITY = YES_AGGRESSIVE;
				CLANG_WARN_UNREACHABLE_CODE = YES;
				CLANG_WARN__DUPLICATE_METHOD_MATCH = YES;
				COPY_PHASE_STRIP = NO;
				DEBUG_INFORMATION_FORMAT = dwarf;
				ENABLE_STRICT_OBJC_MSGSEND = YES;
				ENABLE_TESTABILITY = YES;
				GCC_C_LANGUAGE_STANDARD = gnu11;
				GCC_DYNAMIC_NO_PIC = NO;
				GCC_NO_COMMON_BLOCKS = YES;
				GCC_OPTIMIZATION_LEVEL = 0;
				GCC_PREPROCESSOR_DEFINITIONS = (
					"DEBUG=1",
					"$(inherited)",
				);
				GCC_WARN_64_TO_32_BIT_CONVERSION = YES;
				GCC_WARN_ABOUT_RETURN_TYPE = YES_ERROR;
				GCC_WARN_UNDECLARED_SELECTOR = YES;
				GCC_WARN_UNINITIALIZED_AUTOS = YES_AGGRESSIVE;
				GCC_WARN_UNUSED_FUNCTION = YES;
				GCC_WARN_UNUSED_VARIABLE = YES;
				IPHONEOS_DEPLOYMENT_TARGET = 16.4;
				MTL_ENABLE_DEBUG_INFO = INCLUDE_SOURCE;
				MTL_FAST_MATH = YES;
				ONLY_ACTIVE_ARCH = YES;
				SDKROOT = iphoneos;
				SWIFT_ACTIVE_COMPILATION_CONDITIONS = DEBUG;
				SWIFT_OPTIMIZATION_LEVEL = "-Onone";
			};
			name = Debug;
		};
		CE57259E2B294BE2000E4EC2 /* Release */ = {
			isa = XCBuildConfiguration;
			buildSettings = {
				ALWAYS_SEARCH_USER_PATHS = NO;
				CLANG_ANALYZER_NONNULL = YES;
				CLANG_ANALYZER_NUMBER_OBJECT_CONVERSION = YES_AGGRESSIVE;
				CLANG_CXX_LANGUAGE_STANDARD = "gnu++20";
				CLANG_ENABLE_MODULES = YES;
				CLANG_ENABLE_OBJC_ARC = YES;
				CLANG_ENABLE_OBJC_WEAK = YES;
				CLANG_WARN_BLOCK_CAPTURE_AUTORELEASING = YES;
				CLANG_WARN_BOOL_CONVERSION = YES;
				CLANG_WARN_COMMA = YES;
				CLANG_WARN_CONSTANT_CONVERSION = YES;
				CLANG_WARN_DEPRECATED_OBJC_IMPLEMENTATIONS = YES;
				CLANG_WARN_DIRECT_OBJC_ISA_USAGE = YES_ERROR;
				CLANG_WARN_DOCUMENTATION_COMMENTS = YES;
				CLANG_WARN_EMPTY_BODY = YES;
				CLANG_WARN_ENUM_CONVERSION = YES;
				CLANG_WARN_INFINITE_RECURSION = YES;
				CLANG_WARN_INT_CONVERSION = YES;
				CLANG_WARN_NON_LITERAL_NULL_CONVERSION = YES;
				CLANG_WARN_OBJC_IMPLICIT_RETAIN_SELF = YES;
				CLANG_WARN_OBJC_LITERAL_CONVERSION = YES;
				CLANG_WARN_OBJC_ROOT_CLASS = YES_ERROR;
				CLANG_WARN_QUOTED_INCLUDE_IN_FRAMEWORK_HEADER = YES;
				CLANG_WARN_RANGE_LOOP_ANALYSIS = YES;
				CLANG_WARN_STRICT_PROTOTYPES = YES;
				CLANG_WARN_SUSPICIOUS_MOVE = YES;
				CLANG_WARN_UNGUARDED_AVAILABILITY = YES_AGGRESSIVE;
				CLANG_WARN_UNREACHABLE_CODE = YES;
				CLANG_WARN__DUPLICATE_METHOD_MATCH = YES;
				COPY_PHASE_STRIP = NO;
				DEBUG_INFORMATION_FORMAT = "dwarf-with-dsym";
				ENABLE_NS_ASSERTIONS = NO;
				ENABLE_STRICT_OBJC_MSGSEND = YES;
				GCC_C_LANGUAGE_STANDARD = gnu11;
				GCC_NO_COMMON_BLOCKS = YES;
				GCC_WARN_64_TO_32_BIT_CONVERSION = YES;
				GCC_WARN_ABOUT_RETURN_TYPE = YES_ERROR;
				GCC_WARN_UNDECLARED_SELECTOR = YES;
				GCC_WARN_UNINITIALIZED_AUTOS = YES_AGGRESSIVE;
				GCC_WARN_UNUSED_FUNCTION = YES;
				GCC_WARN_UNUSED_VARIABLE = YES;
				IPHONEOS_DEPLOYMENT_TARGET = 16.4;
				MTL_ENABLE_DEBUG_INFO = NO;
				MTL_FAST_MATH = YES;
				SDKROOT = iphoneos;
				SWIFT_COMPILATION_MODE = wholemodule;
				SWIFT_OPTIMIZATION_LEVEL = "-O";
				VALIDATE_PRODUCT = YES;
			};
			name = Release;
		};
		CE5725A02B294BE2000E4EC2 /* Debug */ = {
			isa = XCBuildConfiguration;
			buildSettings = {
				ASSETCATALOG_COMPILER_APPICON_NAME = AppIcon;
				ASSETCATALOG_COMPILER_GLOBAL_ACCENT_COLOR_NAME = AccentColor;
				CLANG_ENABLE_MODULES = YES;
				CODE_SIGN_ENTITLEMENTS = DeviceAssessment/DeviceAssessment.entitlements;
				CODE_SIGN_STYLE = Automatic;
				CURRENT_PROJECT_VERSION = 1;
				DEVELOPMENT_ASSET_PATHS = "\"DeviceAssessment/Preview Content\"";
				DEVELOPMENT_TEAM = 3X5NNQUKV6;
				ENABLE_PREVIEWS = YES;
				GENERATE_INFOPLIST_FILE = YES;
				INFOPLIST_KEY_NSLocationAlwaysAndWhenInUseUsageDescription = "Allow access to your location to access WIFI SSID";
				INFOPLIST_KEY_NSLocationAlwaysUsageDescription = "Allow access to your location to access WIFI SSID";
				INFOPLIST_KEY_NSLocationWhenInUseUsageDescription = "Allow access to your location to access WIFI SSID";
				INFOPLIST_KEY_UIApplicationSceneManifest_Generation = YES;
				INFOPLIST_KEY_UIApplicationSupportsIndirectInputEvents = YES;
				INFOPLIST_KEY_UILaunchScreen_Generation = YES;
				INFOPLIST_KEY_UISupportedInterfaceOrientations_iPad = "UIInterfaceOrientationPortrait UIInterfaceOrientationPortraitUpsideDown UIInterfaceOrientationLandscapeLeft UIInterfaceOrientationLandscapeRight";
				INFOPLIST_KEY_UISupportedInterfaceOrientations_iPhone = "UIInterfaceOrientationPortrait UIInterfaceOrientationLandscapeLeft UIInterfaceOrientationLandscapeRight";
				LD_RUNPATH_SEARCH_PATHS = (
					"$(inherited)",
					"@executable_path/Frameworks",
				);
				MARKETING_VERSION = 1.0;
				PRODUCT_BUNDLE_IDENTIFIER = com.tradein.ios.dev;
				PRODUCT_NAME = "$(TARGET_NAME)";
				SWIFT_EMIT_LOC_STRINGS = YES;
				SWIFT_OBJC_BRIDGING_HEADER = "DeviceAssessment/Core/DeviceAssessment-Bridging-Header.h";
				SWIFT_OPTIMIZATION_LEVEL = "-Onone";
				SWIFT_VERSION = 5.0;
				TARGETED_DEVICE_FAMILY = "1,2";
			};
			name = Debug;
		};
		CE5725A12B294BE2000E4EC2 /* Release */ = {
			isa = XCBuildConfiguration;
			buildSettings = {
				ASSETCATALOG_COMPILER_APPICON_NAME = AppIcon;
				ASSETCATALOG_COMPILER_GLOBAL_ACCENT_COLOR_NAME = AccentColor;
				CLANG_ENABLE_MODULES = YES;
				CODE_SIGN_ENTITLEMENTS = DeviceAssessment/DeviceAssessment.entitlements;
				CODE_SIGN_STYLE = Automatic;
				CURRENT_PROJECT_VERSION = 1;
				DEVELOPMENT_ASSET_PATHS = "\"DeviceAssessment/Preview Content\"";
				DEVELOPMENT_TEAM = 3X5NNQUKV6;
				ENABLE_PREVIEWS = YES;
				GENERATE_INFOPLIST_FILE = YES;
				INFOPLIST_KEY_NSLocationAlwaysAndWhenInUseUsageDescription = "Allow access to your location to access WIFI SSID";
				INFOPLIST_KEY_NSLocationAlwaysUsageDescription = "Allow access to your location to access WIFI SSID";
				INFOPLIST_KEY_NSLocationWhenInUseUsageDescription = "Allow access to your location to access WIFI SSID";
				INFOPLIST_KEY_UIApplicationSceneManifest_Generation = YES;
				INFOPLIST_KEY_UIApplicationSupportsIndirectInputEvents = YES;
				INFOPLIST_KEY_UILaunchScreen_Generation = YES;
				INFOPLIST_KEY_UISupportedInterfaceOrientations_iPad = "UIInterfaceOrientationPortrait UIInterfaceOrientationPortraitUpsideDown UIInterfaceOrientationLandscapeLeft UIInterfaceOrientationLandscapeRight";
				INFOPLIST_KEY_UISupportedInterfaceOrientations_iPhone = "UIInterfaceOrientationPortrait UIInterfaceOrientationLandscapeLeft UIInterfaceOrientationLandscapeRight";
				LD_RUNPATH_SEARCH_PATHS = (
					"$(inherited)",
					"@executable_path/Frameworks",
				);
				MARKETING_VERSION = 1.0;
				PRODUCT_BUNDLE_IDENTIFIER = com.tradein.ios.dev;
				PRODUCT_NAME = "$(TARGET_NAME)";
				SWIFT_EMIT_LOC_STRINGS = YES;
				SWIFT_OBJC_BRIDGING_HEADER = "DeviceAssessment/Core/DeviceAssessment-Bridging-Header.h";
				SWIFT_VERSION = 5.0;
				TARGETED_DEVICE_FAMILY = "1,2";
			};
			name = Release;
		};
		CEF9A2B32B2B37B30034E06F /* Debug */ = {
			isa = XCBuildConfiguration;
			buildSettings = {
				ALWAYS_EMBED_SWIFT_STANDARD_LIBRARIES = YES;
				BUNDLE_LOADER = "$(TEST_HOST)";
				CODE_SIGN_STYLE = Automatic;
				CURRENT_PROJECT_VERSION = 1;
				DEVELOPMENT_TEAM = 3X5NNQUKV6;
				GENERATE_INFOPLIST_FILE = YES;
				MARKETING_VERSION = 1.0;
				PRODUCT_BUNDLE_IDENTIFIER = com.tradein.ios.dev.DeviceAsessmentTests;
				PRODUCT_NAME = "$(TARGET_NAME)";
				SWIFT_EMIT_LOC_STRINGS = NO;
				SWIFT_VERSION = 5.0;
				TARGETED_DEVICE_FAMILY = "1,2";
				TEST_HOST = "$(BUILT_PRODUCTS_DIR)/DeviceAssessment.app/$(BUNDLE_EXECUTABLE_FOLDER_PATH)/DeviceAssessment";
			};
			name = Debug;
		};
		CEF9A2B42B2B37B30034E06F /* Release */ = {
			isa = XCBuildConfiguration;
			buildSettings = {
				ALWAYS_EMBED_SWIFT_STANDARD_LIBRARIES = YES;
				BUNDLE_LOADER = "$(TEST_HOST)";
				CODE_SIGN_STYLE = Automatic;
				CURRENT_PROJECT_VERSION = 1;
				DEVELOPMENT_TEAM = 3X5NNQUKV6;
				GENERATE_INFOPLIST_FILE = YES;
				MARKETING_VERSION = 1.0;
				PRODUCT_BUNDLE_IDENTIFIER = com.tradein.ios.dev.DeviceAsessmentTests;
				PRODUCT_NAME = "$(TARGET_NAME)";
				SWIFT_EMIT_LOC_STRINGS = NO;
				SWIFT_VERSION = 5.0;
				TARGETED_DEVICE_FAMILY = "1,2";
				TEST_HOST = "$(BUILT_PRODUCTS_DIR)/DeviceAssessment.app/$(BUNDLE_EXECUTABLE_FOLDER_PATH)/DeviceAssessment";
			};
			name = Release;
		};
/* End XCBuildConfiguration section */

/* Begin XCConfigurationList section */
		CE57258C2B294BE1000E4EC2 /* Build configuration list for PBXProject "DeviceAssessment" */ = {
			isa = XCConfigurationList;
			buildConfigurations = (
				CE57259D2B294BE2000E4EC2 /* Debug */,
				CE57259E2B294BE2000E4EC2 /* Release */,
			);
			defaultConfigurationIsVisible = 0;
			defaultConfigurationName = Release;
		};
		CE57259F2B294BE2000E4EC2 /* Build configuration list for PBXNativeTarget "DeviceAssessment" */ = {
			isa = XCConfigurationList;
			buildConfigurations = (
				CE5725A02B294BE2000E4EC2 /* Debug */,
				CE5725A12B294BE2000E4EC2 /* Release */,
			);
			defaultConfigurationIsVisible = 0;
			defaultConfigurationName = Release;
		};
		CEF9A2B52B2B37B30034E06F /* Build configuration list for PBXNativeTarget "DeviceAssessmentTests" */ = {
			isa = XCConfigurationList;
			buildConfigurations = (
				CEF9A2B32B2B37B30034E06F /* Debug */,
				CEF9A2B42B2B37B30034E06F /* Release */,
			);
			defaultConfigurationIsVisible = 0;
			defaultConfigurationName = Release;
		};
/* End XCConfigurationList section */

/* Begin XCRemoteSwiftPackageReference section */
		CE8C78D62B499076003139E1 /* XCRemoteSwiftPackageReference "Reachability" */ = {
			isa = XCRemoteSwiftPackageReference;
			repositoryURL = "https://github.com/ashleymills/Reachability.swift";
			requirement = {
				branch = master;
				kind = branch;
			};
		};
		CE8E5E882B497EDF007EC804 /* XCRemoteSwiftPackageReference "DeviceKit" */ = {
			isa = XCRemoteSwiftPackageReference;
			repositoryURL = "https://github.com/devicekit/DeviceKit.git";
			requirement = {
				kind = exactVersion;
				version = 4.0.0;
			};
		};
/* End XCRemoteSwiftPackageReference section */

/* Begin XCSwiftPackageProductDependency section */
		CE8C78D72B499076003139E1 /* Reachability */ = {
			isa = XCSwiftPackageProductDependency;
			package = CE8C78D62B499076003139E1 /* XCRemoteSwiftPackageReference "Reachability" */;
			productName = Reachability;
		};
		CE8E5E892B497EDF007EC804 /* DeviceKit */ = {
			isa = XCSwiftPackageProductDependency;
			package = CE8E5E882B497EDF007EC804 /* XCRemoteSwiftPackageReference "DeviceKit" */;
			productName = DeviceKit;
		};
/* End XCSwiftPackageProductDependency section */
	};
	rootObject = CE5725892B294BE1000E4EC2 /* Project object */;
}
